
Microsoft Visual Studio Solution File, Format Version 12.00
# Visual Studio Version 17
VisualStudioVersion = 17.8.34525.116
MinimumVisualStudioVersion = 10.0.40219.1
Project("{9A19103F-16F7-4668-BE54-9A1E7A4F7556}") = "BlazorApp.Server", "BlazorApp\Server\BlazorApp.Server.csproj", "{F9273496-8B9E-4438-89E7-AC9D413B32CC}"
EndProject
Project("{9A19103F-16F7-4668-BE54-9A1E7A4F7556}") = "BlazorApp.Client", "BlazorApp\Client\BlazorApp.Client.csproj", "{D672E482-478D-4F43-BE19-416733CE8A5C}"
EndProject
Project("{9A19103F-16F7-4668-BE54-9A1E7A4F7556}") = "BlazorApp.Shared", "BlazorApp\Shared\BlazorApp.Shared.csproj", "{8686409B-1B44-4AC9-A536-21E5571EE38E}"
EndProject
Global
	GlobalSection(SolutionConfigurationPlatforms) = preSolution
		Debug|Any CPU = Debug|Any CPU
		Release|Any CPU = Release|Any CPU
	EndGlobalSection
	GlobalSection(ProjectConfigurationPlatforms) = postSolution
		{F9273496-8B9E-4438-89E7-AC9D413B32CC}.Debug|Any CPU.ActiveCfg = Debug|Any CPU
		{F9273496-8B9E-4438-89E7-AC9D413B32CC}.Debug|Any CPU.Build.0 = Debug|Any CPU
		{F9273496-8B9E-4438-89E7-AC9D413B32CC}.Release|Any CPU.ActiveCfg = Release|Any CPU
		{F9273496-8B9E-4438-89E7-AC9D413B32CC}.Release|Any CPU.Build.0 = Release|Any CPU
		{D672E482-478D-4F43-BE19-416733CE8A5C}.Debug|Any CPU.ActiveCfg = Debug|Any CPU
		{D672E482-478D-4F43-BE19-416733CE8A5C}.Debug|Any CPU.Build.0 = Debug|Any CPU
		{D672E482-478D-4F43-BE19-416733CE8A5C}.Release|Any CPU.ActiveCfg = Release|Any CPU
		{D672E482-478D-4F43-BE19-416733CE8A5C}.Release|Any CPU.Build.0 = Release|Any CPU
		{8686409B-1B44-4AC9-A536-21E5571EE38E}.Debug|Any CPU.ActiveCfg = Debug|Any CPU
		{8686409B-1B44-4AC9-A536-21E5571EE38E}.Debug|Any CPU.Build.0 = Debug|Any CPU
		{8686409B-1B44-4AC9-A536-21E5571EE38E}.Release|Any CPU.ActiveCfg = Release|Any CPU
		{8686409B-1B44-4AC9-A536-21E5571EE38E}.Release|Any CPU.Build.0 = Release|Any CPU
	EndGlobalSection
	GlobalSection(SolutionProperties) = preSolution
		HideSolutionNode = FALSE
	EndGlobalSection
	GlobalSection(ExtensibilityGlobals) = postSolution
		SolutionGuid = {2F05372D-D409-4BB2-8F0F-F3CAD50318B3}
	EndGlobalSection
EndGlobal
